
Microsoft Visual Studio Solution File, Format Version 12.00
# Visual Studio Version 16
VisualStudioVersion = 16.0.30204.135
MinimumVisualStudioVersion = 10.0.40219.1
Project("{FAE04EC0-301F-11D3-BF4B-00C04F79EFBC}") = "Projeto-teste", "Projeto-teste\Projeto-teste.csproj", "{4B597D54-B86D-4AEA-8EED-C938053CE44A}"
EndProject
Global
	GlobalSection(SolutionConfigurationPlatforms) = preSolution
		Debug|Any CPU = Debug|Any CPU
		Release|Any CPU = Release|Any CPU
	EndGlobalSection
	GlobalSection(ProjectConfigurationPlatforms) = postSolution
		{4B597D54-B86D-4AEA-8EED-C938053CE44A}.Debug|Any CPU.ActiveCfg = Debug|Any CPU
		{4B597D54-B86D-4AEA-8EED-C938053CE44A}.Debug|Any CPU.Build.0 = Debug|Any CPU
		{4B597D54-B86D-4AEA-8EED-C938053CE44A}.Release|Any CPU.ActiveCfg = Release|Any CPU
		{4B597D54-B86D-4AEA-8EED-C938053CE44A}.Release|Any CPU.Build.0 = Release|Any CPU
	EndGlobalSection
	GlobalSection(SolutionProperties) = preSolution
		HideSolutionNode = FALSE
	EndGlobalSection
	GlobalSection(ExtensibilityGlobals) = postSolution
		SolutionGuid = {BCE0C956-4396-47ED-9469-907D3F5949DE}
	EndGlobalSection
EndGlobal
